// !$*UTF8*$!
{
	archiveVersion = 1;
	classes = {
	};
	objectVersion = 51;
	objects = {

/* Begin PBXBuildFile section */
		253C959EFFE46D9B702A52EA /* Pods_Pricr.framework in Frameworks */ = {isa = PBXBuildFile; fileRef = 159F23A3714998FA3F6DBBCB /* Pods_Pricr.framework */; };
		3585A68E0BC3A437C6F70664 /* Pods_PricrTests.framework in Frameworks */ = {isa = PBXBuildFile; fileRef = C3DB903047B92E8CBC8CFDF8 /* Pods_PricrTests.framework */; };
		5D45ECBCBA410520AEF97884 /* Pods_Pricr_PricrUITests.framework in Frameworks */ = {isa = PBXBuildFile; fileRef = E5B9CB857EB848A8A98024F7 /* Pods_Pricr_PricrUITests.framework */; };
		F98C950026A0C1CD00FCB7D7 /* itemDetailsViewController.m in Sources */ = {isa = PBXBuildFile; fileRef = F98C94FF26A0C1CD00FCB7D7 /* itemDetailsViewController.m */; };
		F98C950326A1F00F00FCB7D7 /* ItemMapViewController.m in Sources */ = {isa = PBXBuildFile; fileRef = F98C950226A1F00F00FCB7D7 /* ItemMapViewController.m */; };
		F98C950626A1F18300FCB7D7 /* LocationsViewController.m in Sources */ = {isa = PBXBuildFile; fileRef = F98C950526A1F18300FCB7D7 /* LocationsViewController.m */; };
		F98C950926A1F7EB00FCB7D7 /* LocationViewCell.m in Sources */ = {isa = PBXBuildFile; fileRef = F98C950826A1F7EB00FCB7D7 /* LocationViewCell.m */; };
		F98C950C26A1FA5100FCB7D7 /* PhotoAnnotation.m in Sources */ = {isa = PBXBuildFile; fileRef = F98C950B26A1FA5100FCB7D7 /* PhotoAnnotation.m */; };
		F98C950F26A2361900FCB7D7 /* Listing.m in Sources */ = {isa = PBXBuildFile; fileRef = F98C950E26A2361900FCB7D7 /* Listing.m */; };
		F98C951226A7687E00FCB7D7 /* SearchViewController.m in Sources */ = {isa = PBXBuildFile; fileRef = F98C951126A7687E00FCB7D7 /* SearchViewController.m */; };
		F9CC0393269C9FFA00844377 /* AppDelegate.m in Sources */ = {isa = PBXBuildFile; fileRef = F9CC0392269C9FFA00844377 /* AppDelegate.m */; };
		F9CC0396269C9FFA00844377 /* SceneDelegate.m in Sources */ = {isa = PBXBuildFile; fileRef = F9CC0395269C9FFA00844377 /* SceneDelegate.m */; };
		F9CC0399269C9FFA00844377 /* LoginViewController.m in Sources */ = {isa = PBXBuildFile; fileRef = F9CC0398269C9FFA00844377 /* LoginViewController.m */; };
		F9CC039C269C9FFA00844377 /* Main.storyboard in Resources */ = {isa = PBXBuildFile; fileRef = F9CC039A269C9FFA00844377 /* Main.storyboard */; };
		F9CC039E269C9FFB00844377 /* Assets.xcassets in Resources */ = {isa = PBXBuildFile; fileRef = F9CC039D269C9FFB00844377 /* Assets.xcassets */; };
		F9CC03A1269C9FFB00844377 /* LaunchScreen.storyboard in Resources */ = {isa = PBXBuildFile; fileRef = F9CC039F269C9FFB00844377 /* LaunchScreen.storyboard */; };
		F9CC03A4269C9FFB00844377 /* main.m in Sources */ = {isa = PBXBuildFile; fileRef = F9CC03A3269C9FFB00844377 /* main.m */; };
		F9CC03AE269C9FFC00844377 /* PricrTests.m in Sources */ = {isa = PBXBuildFile; fileRef = F9CC03AD269C9FFC00844377 /* PricrTests.m */; };
		F9CC03B9269C9FFC00844377 /* PricrUITests.m in Sources */ = {isa = PBXBuildFile; fileRef = F9CC03B8269C9FFC00844377 /* PricrUITests.m */; };
		F9CC03C8269CAE3400844377 /* SignupViewController.m in Sources */ = {isa = PBXBuildFile; fileRef = F9CC03C7269CAE3400844377 /* SignupViewController.m */; };
		F9CC03CC269CE42E00844377 /* HomeCollectionViewController.m in Sources */ = {isa = PBXBuildFile; fileRef = F9CC03CB269CE42E00844377 /* HomeCollectionViewController.m */; };
		F9CC03CF269CE49400844377 /* ItemCollectionViewCell.m in Sources */ = {isa = PBXBuildFile; fileRef = F9CC03CE269CE49400844377 /* ItemCollectionViewCell.m */; };
		F9CC03D3269CE7C800844377 /* ProfileViewController.m in Sources */ = {isa = PBXBuildFile; fileRef = F9CC03D2269CE7C800844377 /* ProfileViewController.m */; };
		F9CC03D9269CEEEF00844377 /* Item.m in Sources */ = {isa = PBXBuildFile; fileRef = F9CC03D8269CEEEF00844377 /* Item.m */; };
		F9CC03DE269E0B9A00844377 /* ManualCreateViewController.m in Sources */ = {isa = PBXBuildFile; fileRef = F9CC03DD269E0B9A00844377 /* ManualCreateViewController.m */; };
		F9CC03E1269E429700844377 /* ScannerViewController.m in Sources */ = {isa = PBXBuildFile; fileRef = F9CC03E0269E429700844377 /* ScannerViewController.m */; };
		F9CC03E4269F4E0D00844377 /* ScannerResultsViewController.m in Sources */ = {isa = PBXBuildFile; fileRef = F9CC03E3269F4E0D00844377 /* ScannerResultsViewController.m */; };
/* End PBXBuildFile section */

/* Begin PBXContainerItemProxy section */
		F9CC03AA269C9FFC00844377 /* PBXContainerItemProxy */ = {
			isa = PBXContainerItemProxy;
			containerPortal = F9CC0386269C9FFA00844377 /* Project object */;
			proxyType = 1;
			remoteGlobalIDString = F9CC038D269C9FFA00844377;
			remoteInfo = Pricr;
		};
		F9CC03B5269C9FFC00844377 /* PBXContainerItemProxy */ = {
			isa = PBXContainerItemProxy;
			containerPortal = F9CC0386269C9FFA00844377 /* Project object */;
			proxyType = 1;
			remoteGlobalIDString = F9CC038D269C9FFA00844377;
			remoteInfo = Pricr;
		};
/* End PBXContainerItemProxy section */

/* Begin PBXFileReference section */
		101B9BF76819BC687F763B84 /* Pods-PricrTests.release.xcconfig */ = {isa = PBXFileReference; includeInIndex = 1; lastKnownFileType = text.xcconfig; name = "Pods-PricrTests.release.xcconfig"; path = "Target Support Files/Pods-PricrTests/Pods-PricrTests.release.xcconfig"; sourceTree = "<group>"; };
		159F23A3714998FA3F6DBBCB /* Pods_Pricr.framework */ = {isa = PBXFileReference; explicitFileType = wrapper.framework; includeInIndex = 0; path = Pods_Pricr.framework; sourceTree = BUILT_PRODUCTS_DIR; };
		2005D82BFFB1183FF2D7B3F8 /* Pods-Pricr.release.xcconfig */ = {isa = PBXFileReference; includeInIndex = 1; lastKnownFileType = text.xcconfig; name = "Pods-Pricr.release.xcconfig"; path = "Target Support Files/Pods-Pricr/Pods-Pricr.release.xcconfig"; sourceTree = "<group>"; };
		2BF88910495047782CEB52CC /* Pods-PricrTests.debug.xcconfig */ = {isa = PBXFileReference; includeInIndex = 1; lastKnownFileType = text.xcconfig; name = "Pods-PricrTests.debug.xcconfig"; path = "Target Support Files/Pods-PricrTests/Pods-PricrTests.debug.xcconfig"; sourceTree = "<group>"; };
		34030C28578096CF9BA4492D /* Pods-Pricr.debug.xcconfig */ = {isa = PBXFileReference; includeInIndex = 1; lastKnownFileType = text.xcconfig; name = "Pods-Pricr.debug.xcconfig"; path = "Target Support Files/Pods-Pricr/Pods-Pricr.debug.xcconfig"; sourceTree = "<group>"; };
		7E1DDE1EBAB97AAA57FCB132 /* Pods-Pricr-PricrUITests.debug.xcconfig */ = {isa = PBXFileReference; includeInIndex = 1; lastKnownFileType = text.xcconfig; name = "Pods-Pricr-PricrUITests.debug.xcconfig"; path = "Target Support Files/Pods-Pricr-PricrUITests/Pods-Pricr-PricrUITests.debug.xcconfig"; sourceTree = "<group>"; };
		C3DB903047B92E8CBC8CFDF8 /* Pods_PricrTests.framework */ = {isa = PBXFileReference; explicitFileType = wrapper.framework; includeInIndex = 0; path = Pods_PricrTests.framework; sourceTree = BUILT_PRODUCTS_DIR; };
		E5B9CB857EB848A8A98024F7 /* Pods_Pricr_PricrUITests.framework */ = {isa = PBXFileReference; explicitFileType = wrapper.framework; includeInIndex = 0; path = Pods_Pricr_PricrUITests.framework; sourceTree = BUILT_PRODUCTS_DIR; };
		F0752DEAF778032BB6043BE8 /* Pods-Pricr-PricrUITests.release.xcconfig */ = {isa = PBXFileReference; includeInIndex = 1; lastKnownFileType = text.xcconfig; name = "Pods-Pricr-PricrUITests.release.xcconfig"; path = "Target Support Files/Pods-Pricr-PricrUITests/Pods-Pricr-PricrUITests.release.xcconfig"; sourceTree = "<group>"; };
		F98C94FE26A0C1CD00FCB7D7 /* itemDetailsViewController.h */ = {isa = PBXFileReference; lastKnownFileType = sourcecode.c.h; path = itemDetailsViewController.h; sourceTree = "<group>"; };
		F98C94FF26A0C1CD00FCB7D7 /* itemDetailsViewController.m */ = {isa = PBXFileReference; lastKnownFileType = sourcecode.c.objc; path = itemDetailsViewController.m; sourceTree = "<group>"; };
		F98C950126A1F00F00FCB7D7 /* ItemMapViewController.h */ = {isa = PBXFileReference; lastKnownFileType = sourcecode.c.h; path = ItemMapViewController.h; sourceTree = "<group>"; };
		F98C950226A1F00F00FCB7D7 /* ItemMapViewController.m */ = {isa = PBXFileReference; lastKnownFileType = sourcecode.c.objc; path = ItemMapViewController.m; sourceTree = "<group>"; };
		F98C950426A1F18300FCB7D7 /* LocationsViewController.h */ = {isa = PBXFileReference; lastKnownFileType = sourcecode.c.h; path = LocationsViewController.h; sourceTree = "<group>"; };
		F98C950526A1F18300FCB7D7 /* LocationsViewController.m */ = {isa = PBXFileReference; lastKnownFileType = sourcecode.c.objc; path = LocationsViewController.m; sourceTree = "<group>"; };
		F98C950726A1F7EB00FCB7D7 /* LocationViewCell.h */ = {isa = PBXFileReference; lastKnownFileType = sourcecode.c.h; path = LocationViewCell.h; sourceTree = "<group>"; };
		F98C950826A1F7EB00FCB7D7 /* LocationViewCell.m */ = {isa = PBXFileReference; lastKnownFileType = sourcecode.c.objc; path = LocationViewCell.m; sourceTree = "<group>"; };
		F98C950A26A1FA5100FCB7D7 /* PhotoAnnotation.h */ = {isa = PBXFileReference; lastKnownFileType = sourcecode.c.h; path = PhotoAnnotation.h; sourceTree = "<group>"; };
		F98C950B26A1FA5100FCB7D7 /* PhotoAnnotation.m */ = {isa = PBXFileReference; lastKnownFileType = sourcecode.c.objc; path = PhotoAnnotation.m; sourceTree = "<group>"; };
		F98C950D26A2361900FCB7D7 /* Listing.h */ = {isa = PBXFileReference; lastKnownFileType = sourcecode.c.h; path = Listing.h; sourceTree = "<group>"; };
		F98C950E26A2361900FCB7D7 /* Listing.m */ = {isa = PBXFileReference; lastKnownFileType = sourcecode.c.objc; path = Listing.m; sourceTree = "<group>"; };
		F98C951026A7687E00FCB7D7 /* SearchViewController.h */ = {isa = PBXFileReference; lastKnownFileType = sourcecode.c.h; path = SearchViewController.h; sourceTree = "<group>"; };
		F98C951126A7687E00FCB7D7 /* SearchViewController.m */ = {isa = PBXFileReference; lastKnownFileType = sourcecode.c.objc; path = SearchViewController.m; sourceTree = "<group>"; };
		F9CC038E269C9FFA00844377 /* Pricr.app */ = {isa = PBXFileReference; explicitFileType = wrapper.application; includeInIndex = 0; path = Pricr.app; sourceTree = BUILT_PRODUCTS_DIR; };
		F9CC0391269C9FFA00844377 /* AppDelegate.h */ = {isa = PBXFileReference; lastKnownFileType = sourcecode.c.h; path = AppDelegate.h; sourceTree = "<group>"; };
		F9CC0392269C9FFA00844377 /* AppDelegate.m */ = {isa = PBXFileReference; lastKnownFileType = sourcecode.c.objc; path = AppDelegate.m; sourceTree = "<group>"; };
		F9CC0394269C9FFA00844377 /* SceneDelegate.h */ = {isa = PBXFileReference; lastKnownFileType = sourcecode.c.h; path = SceneDelegate.h; sourceTree = "<group>"; };
		F9CC0395269C9FFA00844377 /* SceneDelegate.m */ = {isa = PBXFileReference; lastKnownFileType = sourcecode.c.objc; path = SceneDelegate.m; sourceTree = "<group>"; };
		F9CC0397269C9FFA00844377 /* LoginViewController.h */ = {isa = PBXFileReference; lastKnownFileType = sourcecode.c.h; path = LoginViewController.h; sourceTree = "<group>"; };
		F9CC0398269C9FFA00844377 /* LoginViewController.m */ = {isa = PBXFileReference; lastKnownFileType = sourcecode.c.objc; path = LoginViewController.m; sourceTree = "<group>"; };
		F9CC039B269C9FFA00844377 /* Base */ = {isa = PBXFileReference; lastKnownFileType = file.storyboard; name = Base; path = Base.lproj/Main.storyboard; sourceTree = "<group>"; };
		F9CC039D269C9FFB00844377 /* Assets.xcassets */ = {isa = PBXFileReference; lastKnownFileType = folder.assetcatalog; path = Assets.xcassets; sourceTree = "<group>"; };
		F9CC03A0269C9FFB00844377 /* Base */ = {isa = PBXFileReference; lastKnownFileType = file.storyboard; name = Base; path = Base.lproj/LaunchScreen.storyboard; sourceTree = "<group>"; };
		F9CC03A2269C9FFB00844377 /* Info.plist */ = {isa = PBXFileReference; lastKnownFileType = text.plist.xml; path = Info.plist; sourceTree = "<group>"; };
		F9CC03A3269C9FFB00844377 /* main.m */ = {isa = PBXFileReference; lastKnownFileType = sourcecode.c.objc; path = main.m; sourceTree = "<group>"; };
		F9CC03A9269C9FFC00844377 /* PricrTests.xctest */ = {isa = PBXFileReference; explicitFileType = wrapper.cfbundle; includeInIndex = 0; path = PricrTests.xctest; sourceTree = BUILT_PRODUCTS_DIR; };
		F9CC03AD269C9FFC00844377 /* PricrTests.m */ = {isa = PBXFileReference; lastKnownFileType = sourcecode.c.objc; path = PricrTests.m; sourceTree = "<group>"; };
		F9CC03AF269C9FFC00844377 /* Info.plist */ = {isa = PBXFileReference; lastKnownFileType = text.plist.xml; path = Info.plist; sourceTree = "<group>"; };
		F9CC03B4269C9FFC00844377 /* PricrUITests.xctest */ = {isa = PBXFileReference; explicitFileType = wrapper.cfbundle; includeInIndex = 0; path = PricrUITests.xctest; sourceTree = BUILT_PRODUCTS_DIR; };
		F9CC03B8269C9FFC00844377 /* PricrUITests.m */ = {isa = PBXFileReference; lastKnownFileType = sourcecode.c.objc; path = PricrUITests.m; sourceTree = "<group>"; };
		F9CC03BA269C9FFC00844377 /* Info.plist */ = {isa = PBXFileReference; lastKnownFileType = text.plist.xml; path = Info.plist; sourceTree = "<group>"; };
		F9CC03C6269CAE3400844377 /* SignupViewController.h */ = {isa = PBXFileReference; lastKnownFileType = sourcecode.c.h; path = SignupViewController.h; sourceTree = "<group>"; };
		F9CC03C7269CAE3400844377 /* SignupViewController.m */ = {isa = PBXFileReference; lastKnownFileType = sourcecode.c.objc; path = SignupViewController.m; sourceTree = "<group>"; };
		F9CC03CA269CE42E00844377 /* HomeCollectionViewController.h */ = {isa = PBXFileReference; lastKnownFileType = sourcecode.c.h; path = HomeCollectionViewController.h; sourceTree = "<group>"; };
		F9CC03CB269CE42E00844377 /* HomeCollectionViewController.m */ = {isa = PBXFileReference; lastKnownFileType = sourcecode.c.objc; path = HomeCollectionViewController.m; sourceTree = "<group>"; };
		F9CC03CD269CE49400844377 /* ItemCollectionViewCell.h */ = {isa = PBXFileReference; lastKnownFileType = sourcecode.c.h; path = ItemCollectionViewCell.h; sourceTree = "<group>"; };
		F9CC03CE269CE49400844377 /* ItemCollectionViewCell.m */ = {isa = PBXFileReference; lastKnownFileType = sourcecode.c.objc; path = ItemCollectionViewCell.m; sourceTree = "<group>"; };
		F9CC03D1269CE7C800844377 /* ProfileViewController.h */ = {isa = PBXFileReference; lastKnownFileType = sourcecode.c.h; path = ProfileViewController.h; sourceTree = "<group>"; };
		F9CC03D2269CE7C800844377 /* ProfileViewController.m */ = {isa = PBXFileReference; lastKnownFileType = sourcecode.c.objc; path = ProfileViewController.m; sourceTree = "<group>"; };
		F9CC03D7269CEEEF00844377 /* Item.h */ = {isa = PBXFileReference; lastKnownFileType = sourcecode.c.h; path = Item.h; sourceTree = "<group>"; };
		F9CC03D8269CEEEF00844377 /* Item.m */ = {isa = PBXFileReference; lastKnownFileType = sourcecode.c.objc; path = Item.m; sourceTree = "<group>"; };
		F9CC03DC269E0B9A00844377 /* ManualCreateViewController.h */ = {isa = PBXFileReference; lastKnownFileType = sourcecode.c.h; path = ManualCreateViewController.h; sourceTree = "<group>"; };
		F9CC03DD269E0B9A00844377 /* ManualCreateViewController.m */ = {isa = PBXFileReference; lastKnownFileType = sourcecode.c.objc; path = ManualCreateViewController.m; sourceTree = "<group>"; };
		F9CC03DF269E429700844377 /* ScannerViewController.h */ = {isa = PBXFileReference; lastKnownFileType = sourcecode.c.h; path = ScannerViewController.h; sourceTree = "<group>"; };
		F9CC03E0269E429700844377 /* ScannerViewController.m */ = {isa = PBXFileReference; lastKnownFileType = sourcecode.c.objc; path = ScannerViewController.m; sourceTree = "<group>"; };
		F9CC03E2269F4E0D00844377 /* ScannerResultsViewController.h */ = {isa = PBXFileReference; lastKnownFileType = sourcecode.c.h; path = ScannerResultsViewController.h; sourceTree = "<group>"; };
		F9CC03E3269F4E0D00844377 /* ScannerResultsViewController.m */ = {isa = PBXFileReference; lastKnownFileType = sourcecode.c.objc; path = ScannerResultsViewController.m; sourceTree = "<group>"; };
/* End PBXFileReference section */

/* Begin PBXFrameworksBuildPhase section */
		F9CC038B269C9FFA00844377 /* Frameworks */ = {
			isa = PBXFrameworksBuildPhase;
			buildActionMask = 2147483647;
			files = (
				253C959EFFE46D9B702A52EA /* Pods_Pricr.framework in Frameworks */,
			);
			runOnlyForDeploymentPostprocessing = 0;
		};
		F9CC03A6269C9FFC00844377 /* Frameworks */ = {
			isa = PBXFrameworksBuildPhase;
			buildActionMask = 2147483647;
			files = (
				3585A68E0BC3A437C6F70664 /* Pods_PricrTests.framework in Frameworks */,
			);
			runOnlyForDeploymentPostprocessing = 0;
		};
		F9CC03B1269C9FFC00844377 /* Frameworks */ = {
			isa = PBXFrameworksBuildPhase;
			buildActionMask = 2147483647;
			files = (
				5D45ECBCBA410520AEF97884 /* Pods_Pricr_PricrUITests.framework in Frameworks */,
			);
			runOnlyForDeploymentPostprocessing = 0;
		};
/* End PBXFrameworksBuildPhase section */

/* Begin PBXGroup section */
		1307E31C6754B3269F697288 /* Pods */ = {
			isa = PBXGroup;
			children = (
				34030C28578096CF9BA4492D /* Pods-Pricr.debug.xcconfig */,
				2005D82BFFB1183FF2D7B3F8 /* Pods-Pricr.release.xcconfig */,
				7E1DDE1EBAB97AAA57FCB132 /* Pods-Pricr-PricrUITests.debug.xcconfig */,
				F0752DEAF778032BB6043BE8 /* Pods-Pricr-PricrUITests.release.xcconfig */,
				2BF88910495047782CEB52CC /* Pods-PricrTests.debug.xcconfig */,
				101B9BF76819BC687F763B84 /* Pods-PricrTests.release.xcconfig */,
			);
			path = Pods;
			sourceTree = "<group>";
		};
		E985F03D0B8E0CA0FFB7C1F3 /* Frameworks */ = {
			isa = PBXGroup;
			children = (
				159F23A3714998FA3F6DBBCB /* Pods_Pricr.framework */,
				E5B9CB857EB848A8A98024F7 /* Pods_Pricr_PricrUITests.framework */,
				C3DB903047B92E8CBC8CFDF8 /* Pods_PricrTests.framework */,
			);
			name = Frameworks;
			sourceTree = "<group>";
		};
		F9CC0385269C9FFA00844377 = {
			isa = PBXGroup;
			children = (
				F9CC0390269C9FFA00844377 /* Pricr */,
				F9CC03AC269C9FFC00844377 /* PricrTests */,
				F9CC03B7269C9FFC00844377 /* PricrUITests */,
				F9CC038F269C9FFA00844377 /* Products */,
				1307E31C6754B3269F697288 /* Pods */,
				E985F03D0B8E0CA0FFB7C1F3 /* Frameworks */,
			);
			sourceTree = "<group>";
		};
		F9CC038F269C9FFA00844377 /* Products */ = {
			isa = PBXGroup;
			children = (
				F9CC038E269C9FFA00844377 /* Pricr.app */,
				F9CC03A9269C9FFC00844377 /* PricrTests.xctest */,
				F9CC03B4269C9FFC00844377 /* PricrUITests.xctest */,
			);
			name = Products;
			sourceTree = "<group>";
		};
		F9CC0390269C9FFA00844377 /* Pricr */ = {
			isa = PBXGroup;
			children = (
				F9CC0391269C9FFA00844377 /* AppDelegate.h */,
				F9CC0392269C9FFA00844377 /* AppDelegate.m */,
				F9CC0394269C9FFA00844377 /* SceneDelegate.h */,
				F9CC0395269C9FFA00844377 /* SceneDelegate.m */,
				F9CC039A269C9FFA00844377 /* Main.storyboard */,
				F9CC03D0269CE4AE00844377 /* views */,
				F9CC03C9269CD5BA00844377 /* view controllers */,
				F9CC03DB269CEF0400844377 /* models */,
				F9CC039D269C9FFB00844377 /* Assets.xcassets */,
				F9CC039F269C9FFB00844377 /* LaunchScreen.storyboard */,
				F9CC03A2269C9FFB00844377 /* Info.plist */,
				F9CC03A3269C9FFB00844377 /* main.m */,
			);
			path = Pricr;
			sourceTree = "<group>";
		};
		F9CC03AC269C9FFC00844377 /* PricrTests */ = {
			isa = PBXGroup;
			children = (
				F9CC03AD269C9FFC00844377 /* PricrTests.m */,
				F9CC03AF269C9FFC00844377 /* Info.plist */,
			);
			path = PricrTests;
			sourceTree = "<group>";
		};
		F9CC03B7269C9FFC00844377 /* PricrUITests */ = {
			isa = PBXGroup;
			children = (
				F9CC03B8269C9FFC00844377 /* PricrUITests.m */,
				F9CC03BA269C9FFC00844377 /* Info.plist */,
			);
			path = PricrUITests;
			sourceTree = "<group>";
		};
		F9CC03C9269CD5BA00844377 /* view controllers */ = {
			isa = PBXGroup;
			children = (
				F98C951026A7687E00FCB7D7 /* SearchViewController.h */,
				F98C951126A7687E00FCB7D7 /* SearchViewController.m */,
				F98C950126A1F00F00FCB7D7 /* ItemMapViewController.h */,
				F98C950226A1F00F00FCB7D7 /* ItemMapViewController.m */,
				F98C950426A1F18300FCB7D7 /* LocationsViewController.h */,
				F98C950526A1F18300FCB7D7 /* LocationsViewController.m */,
				F9CC03E2269F4E0D00844377 /* ScannerResultsViewController.h */,
				F9CC03E3269F4E0D00844377 /* ScannerResultsViewController.m */,
				F9CC03DC269E0B9A00844377 /* ManualCreateViewController.h */,
				F9CC03DD269E0B9A00844377 /* ManualCreateViewController.m */,
				F9CC03C6269CAE3400844377 /* SignupViewController.h */,
				F9CC03C7269CAE3400844377 /* SignupViewController.m */,
				F9CC0397269C9FFA00844377 /* LoginViewController.h */,
				F9CC0398269C9FFA00844377 /* LoginViewController.m */,
				F9CC03CA269CE42E00844377 /* HomeCollectionViewController.h */,
				F9CC03CB269CE42E00844377 /* HomeCollectionViewController.m */,
				F98C94FE26A0C1CD00FCB7D7 /* itemDetailsViewController.h */,
				F98C94FF26A0C1CD00FCB7D7 /* itemDetailsViewController.m */,
				F9CC03D1269CE7C800844377 /* ProfileViewController.h */,
				F9CC03D2269CE7C800844377 /* ProfileViewController.m */,
				F9CC03DF269E429700844377 /* ScannerViewController.h */,
				F9CC03E0269E429700844377 /* ScannerViewController.m */,
			);
			path = "view controllers";
			sourceTree = "<group>";
		};
		F9CC03D0269CE4AE00844377 /* views */ = {
			isa = PBXGroup;
			children = (
				F9CC03CD269CE49400844377 /* ItemCollectionViewCell.h */,
				F9CC03CE269CE49400844377 /* ItemCollectionViewCell.m */,
				F98C950726A1F7EB00FCB7D7 /* LocationViewCell.h */,
				F98C950826A1F7EB00FCB7D7 /* LocationViewCell.m */,
			);
			path = views;
			sourceTree = "<group>";
		};
		F9CC03DB269CEF0400844377 /* models */ = {
			isa = PBXGroup;
			children = (
				F98C950A26A1FA5100FCB7D7 /* PhotoAnnotation.h */,
				F98C950B26A1FA5100FCB7D7 /* PhotoAnnotation.m */,
				F9CC03D7269CEEEF00844377 /* Item.h */,
				F9CC03D8269CEEEF00844377 /* Item.m */,
				F98C950D26A2361900FCB7D7 /* Listing.h */,
				F98C950E26A2361900FCB7D7 /* Listing.m */,
			);
			name = models;
			path = "New Group/models";
			sourceTree = "<group>";
		};
/* End PBXGroup section */

/* Begin PBXNativeTarget section */
		F9CC038D269C9FFA00844377 /* Pricr */ = {
			isa = PBXNativeTarget;
			buildConfigurationList = F9CC03BD269C9FFC00844377 /* Build configuration list for PBXNativeTarget "Pricr" */;
			buildPhases = (
				8922A19B17BA93F9A900A194 /* [CP] Check Pods Manifest.lock */,
				F9CC038A269C9FFA00844377 /* Sources */,
				F9CC038B269C9FFA00844377 /* Frameworks */,
				F9CC038C269C9FFA00844377 /* Resources */,
				DC6BE612087C20EAD21FE9C5 /* [CP] Embed Pods Frameworks */,
			);
			buildRules = (
			);
			dependencies = (
			);
			name = Pricr;
			productName = Pricr;
			productReference = F9CC038E269C9FFA00844377 /* Pricr.app */;
			productType = "com.apple.product-type.application";
		};
		F9CC03A8269C9FFC00844377 /* PricrTests */ = {
			isa = PBXNativeTarget;
			buildConfigurationList = F9CC03C0269C9FFC00844377 /* Build configuration list for PBXNativeTarget "PricrTests" */;
			buildPhases = (
				7D9E8BBD889353ED45FE21D5 /* [CP] Check Pods Manifest.lock */,
				F9CC03A5269C9FFC00844377 /* Sources */,
				F9CC03A6269C9FFC00844377 /* Frameworks */,
				F9CC03A7269C9FFC00844377 /* Resources */,
			);
			buildRules = (
			);
			dependencies = (
				F9CC03AB269C9FFC00844377 /* PBXTargetDependency */,
			);
			name = PricrTests;
			productName = PricrTests;
			productReference = F9CC03A9269C9FFC00844377 /* PricrTests.xctest */;
			productType = "com.apple.product-type.bundle.unit-test";
		};
		F9CC03B3269C9FFC00844377 /* PricrUITests */ = {
			isa = PBXNativeTarget;
			buildConfigurationList = F9CC03C3269C9FFC00844377 /* Build configuration list for PBXNativeTarget "PricrUITests" */;
			buildPhases = (
				D1004CAA13A2357F72D3120E /* [CP] Check Pods Manifest.lock */,
				F9CC03B0269C9FFC00844377 /* Sources */,
				F9CC03B1269C9FFC00844377 /* Frameworks */,
				F9CC03B2269C9FFC00844377 /* Resources */,
				734ECC7183E71736B1D9EE0F /* [CP] Embed Pods Frameworks */,
			);
			buildRules = (
			);
			dependencies = (
				F9CC03B6269C9FFC00844377 /* PBXTargetDependency */,
			);
			name = PricrUITests;
			productName = PricrUITests;
			productReference = F9CC03B4269C9FFC00844377 /* PricrUITests.xctest */;
			productType = "com.apple.product-type.bundle.ui-testing";
		};
/* End PBXNativeTarget section */

/* Begin PBXProject section */
		F9CC0386269C9FFA00844377 /* Project object */ = {
			isa = PBXProject;
			attributes = {
				LastUpgradeCheck = 1250;
				TargetAttributes = {
					F9CC038D269C9FFA00844377 = {
						CreatedOnToolsVersion = 12.5.1;
					};
					F9CC03A8269C9FFC00844377 = {
						CreatedOnToolsVersion = 12.5.1;
						TestTargetID = F9CC038D269C9FFA00844377;
					};
					F9CC03B3269C9FFC00844377 = {
						CreatedOnToolsVersion = 12.5.1;
						TestTargetID = F9CC038D269C9FFA00844377;
					};
				};
			};
			buildConfigurationList = F9CC0389269C9FFA00844377 /* Build configuration list for PBXProject "Pricr" */;
			compatibilityVersion = "Xcode 9.3";
			developmentRegion = en;
			hasScannedForEncodings = 0;
			knownRegions = (
				en,
				Base,
			);
			mainGroup = F9CC0385269C9FFA00844377;
			productRefGroup = F9CC038F269C9FFA00844377 /* Products */;
			projectDirPath = "";
			projectRoot = "";
			targets = (
				F9CC038D269C9FFA00844377 /* Pricr */,
				F9CC03A8269C9FFC00844377 /* PricrTests */,
				F9CC03B3269C9FFC00844377 /* PricrUITests */,
			);
		};
/* End PBXProject section */

/* Begin PBXResourcesBuildPhase section */
		F9CC038C269C9FFA00844377 /* Resources */ = {
			isa = PBXResourcesBuildPhase;
			buildActionMask = 2147483647;
			files = (
				F9CC03A1269C9FFB00844377 /* LaunchScreen.storyboard in Resources */,
				F9CC039E269C9FFB00844377 /* Assets.xcassets in Resources */,
				F9CC039C269C9FFA00844377 /* Main.storyboard in Resources */,
			);
			runOnlyForDeploymentPostprocessing = 0;
		};
		F9CC03A7269C9FFC00844377 /* Resources */ = {
			isa = PBXResourcesBuildPhase;
			buildActionMask = 2147483647;
			files = (
			);
			runOnlyForDeploymentPostprocessing = 0;
		};
		F9CC03B2269C9FFC00844377 /* Resources */ = {
			isa = PBXResourcesBuildPhase;
			buildActionMask = 2147483647;
			files = (
			);
			runOnlyForDeploymentPostprocessing = 0;
		};
/* End PBXResourcesBuildPhase section */

/* Begin PBXShellScriptBuildPhase section */
		734ECC7183E71736B1D9EE0F /* [CP] Embed Pods Frameworks */ = {
			isa = PBXShellScriptBuildPhase;
			buildActionMask = 2147483647;
			files = (
			);
			inputFileListPaths = (
				"${PODS_ROOT}/Target Support Files/Pods-Pricr-PricrUITests/Pods-Pricr-PricrUITests-frameworks-${CONFIGURATION}-input-files.xcfilelist",
			);
			name = "[CP] Embed Pods Frameworks";
			outputFileListPaths = (
				"${PODS_ROOT}/Target Support Files/Pods-Pricr-PricrUITests/Pods-Pricr-PricrUITests-frameworks-${CONFIGURATION}-output-files.xcfilelist",
			);
			runOnlyForDeploymentPostprocessing = 0;
			shellPath = /bin/sh;
			shellScript = "\"${PODS_ROOT}/Target Support Files/Pods-Pricr-PricrUITests/Pods-Pricr-PricrUITests-frameworks.sh\"\n";
			showEnvVarsInLog = 0;
		};
		7D9E8BBD889353ED45FE21D5 /* [CP] Check Pods Manifest.lock */ = {
			isa = PBXShellScriptBuildPhase;
			buildActionMask = 2147483647;
			files = (
			);
			inputFileListPaths = (
			);
			inputPaths = (
				"${PODS_PODFILE_DIR_PATH}/Podfile.lock",
				"${PODS_ROOT}/Manifest.lock",
			);
			name = "[CP] Check Pods Manifest.lock";
			outputFileListPaths = (
			);
			outputPaths = (
				"$(DERIVED_FILE_DIR)/Pods-PricrTests-checkManifestLockResult.txt",
			);
			runOnlyForDeploymentPostprocessing = 0;
			shellPath = /bin/sh;
			shellScript = "diff \"${PODS_PODFILE_DIR_PATH}/Podfile.lock\" \"${PODS_ROOT}/Manifest.lock\" > /dev/null\nif [ $? != 0 ] ; then\n    # print error to STDERR\n    echo \"error: The sandbox is not in sync with the Podfile.lock. Run 'pod install' or update your CocoaPods installation.\" >&2\n    exit 1\nfi\n# This output is used by Xcode 'outputs' to avoid re-running this script phase.\necho \"SUCCESS\" > \"${SCRIPT_OUTPUT_FILE_0}\"\n";
			showEnvVarsInLog = 0;
		};
		8922A19B17BA93F9A900A194 /* [CP] Check Pods Manifest.lock */ = {
			isa = PBXShellScriptBuildPhase;
			buildActionMask = 2147483647;
			files = (
			);
			inputFileListPaths = (
			);
			inputPaths = (
				"${PODS_PODFILE_DIR_PATH}/Podfile.lock",
				"${PODS_ROOT}/Manifest.lock",
			);
			name = "[CP] Check Pods Manifest.lock";
			outputFileListPaths = (
			);
			outputPaths = (
				"$(DERIVED_FILE_DIR)/Pods-Pricr-checkManifestLockResult.txt",
			);
			runOnlyForDeploymentPostprocessing = 0;
			shellPath = /bin/sh;
			shellScript = "diff \"${PODS_PODFILE_DIR_PATH}/Podfile.lock\" \"${PODS_ROOT}/Manifest.lock\" > /dev/null\nif [ $? != 0 ] ; then\n    # print error to STDERR\n    echo \"error: The sandbox is not in sync with the Podfile.lock. Run 'pod install' or update your CocoaPods installation.\" >&2\n    exit 1\nfi\n# This output is used by Xcode 'outputs' to avoid re-running this script phase.\necho \"SUCCESS\" > \"${SCRIPT_OUTPUT_FILE_0}\"\n";
			showEnvVarsInLog = 0;
		};
		D1004CAA13A2357F72D3120E /* [CP] Check Pods Manifest.lock */ = {
			isa = PBXShellScriptBuildPhase;
			buildActionMask = 2147483647;
			files = (
			);
			inputFileListPaths = (
			);
			inputPaths = (
				"${PODS_PODFILE_DIR_PATH}/Podfile.lock",
				"${PODS_ROOT}/Manifest.lock",
			);
			name = "[CP] Check Pods Manifest.lock";
			outputFileListPaths = (
			);
			outputPaths = (
				"$(DERIVED_FILE_DIR)/Pods-Pricr-PricrUITests-checkManifestLockResult.txt",
			);
			runOnlyForDeploymentPostprocessing = 0;
			shellPath = /bin/sh;
			shellScript = "diff \"${PODS_PODFILE_DIR_PATH}/Podfile.lock\" \"${PODS_ROOT}/Manifest.lock\" > /dev/null\nif [ $? != 0 ] ; then\n    # print error to STDERR\n    echo \"error: The sandbox is not in sync with the Podfile.lock. Run 'pod install' or update your CocoaPods installation.\" >&2\n    exit 1\nfi\n# This output is used by Xcode 'outputs' to avoid re-running this script phase.\necho \"SUCCESS\" > \"${SCRIPT_OUTPUT_FILE_0}\"\n";
			showEnvVarsInLog = 0;
		};
		DC6BE612087C20EAD21FE9C5 /* [CP] Embed Pods Frameworks */ = {
			isa = PBXShellScriptBuildPhase;
			buildActionMask = 2147483647;
			files = (
			);
			inputFileListPaths = (
				"${PODS_ROOT}/Target Support Files/Pods-Pricr/Pods-Pricr-frameworks-${CONFIGURATION}-input-files.xcfilelist",
			);
			name = "[CP] Embed Pods Frameworks";
			outputFileListPaths = (
				"${PODS_ROOT}/Target Support Files/Pods-Pricr/Pods-Pricr-frameworks-${CONFIGURATION}-output-files.xcfilelist",
			);
			runOnlyForDeploymentPostprocessing = 0;
			shellPath = /bin/sh;
			shellScript = "\"${PODS_ROOT}/Target Support Files/Pods-Pricr/Pods-Pricr-frameworks.sh\"\n";
			showEnvVarsInLog = 0;
		};
/* End PBXShellScriptBuildPhase section */

/* Begin PBXSourcesBuildPhase section */
		F9CC038A269C9FFA00844377 /* Sources */ = {
			isa = PBXSourcesBuildPhase;
			buildActionMask = 2147483647;
			files = (
				F98C950F26A2361900FCB7D7 /* Listing.m in Sources */,
				F9CC03E4269F4E0D00844377 /* ScannerResultsViewController.m in Sources */,
				F98C950926A1F7EB00FCB7D7 /* LocationViewCell.m in Sources */,
				F9CC03D9269CEEEF00844377 /* Item.m in Sources */,
				F98C950626A1F18300FCB7D7 /* LocationsViewController.m in Sources */,
				F9CC0399269C9FFA00844377 /* LoginViewController.m in Sources */,
				F98C951226A7687E00FCB7D7 /* SearchViewController.m in Sources */,
				F9CC03DE269E0B9A00844377 /* ManualCreateViewController.m in Sources */,
				F98C950326A1F00F00FCB7D7 /* ItemMapViewController.m in Sources */,
				F98C950C26A1FA5100FCB7D7 /* PhotoAnnotation.m in Sources */,
				F98C950026A0C1CD00FCB7D7 /* itemDetailsViewController.m in Sources */,
				F9CC0393269C9FFA00844377 /* AppDelegate.m in Sources */,
				F9CC03D3269CE7C800844377 /* ProfileViewController.m in Sources */,
				F9CC03A4269C9FFB00844377 /* main.m in Sources */,
				F9CC0396269C9FFA00844377 /* SceneDelegate.m in Sources */,
				F9CC03CF269CE49400844377 /* ItemCollectionViewCell.m in Sources */,
				F9CC03C8269CAE3400844377 /* SignupViewController.m in Sources */,
				F9CC03E1269E429700844377 /* ScannerViewController.m in Sources */,
				F9CC03CC269CE42E00844377 /* HomeCollectionViewController.m in Sources */,
			);
			runOnlyForDeploymentPostprocessing = 0;
		};
		F9CC03A5269C9FFC00844377 /* Sources */ = {
			isa = PBXSourcesBuildPhase;
			buildActionMask = 2147483647;
			files = (
				F9CC03AE269C9FFC00844377 /* PricrTests.m in Sources */,
			);
			runOnlyForDeploymentPostprocessing = 0;
		};
		F9CC03B0269C9FFC00844377 /* Sources */ = {
			isa = PBXSourcesBuildPhase;
			buildActionMask = 2147483647;
			files = (
				F9CC03B9269C9FFC00844377 /* PricrUITests.m in Sources */,
			);
			runOnlyForDeploymentPostprocessing = 0;
		};
/* End PBXSourcesBuildPhase section */

/* Begin PBXTargetDependency section */
		F9CC03AB269C9FFC00844377 /* PBXTargetDependency */ = {
			isa = PBXTargetDependency;
			target = F9CC038D269C9FFA00844377 /* Pricr */;
			targetProxy = F9CC03AA269C9FFC00844377 /* PBXContainerItemProxy */;
		};
		F9CC03B6269C9FFC00844377 /* PBXTargetDependency */ = {
			isa = PBXTargetDependency;
			target = F9CC038D269C9FFA00844377 /* Pricr */;
			targetProxy = F9CC03B5269C9FFC00844377 /* PBXContainerItemProxy */;
		};
/* End PBXTargetDependency section */

/* Begin PBXVariantGroup section */
		F9CC039A269C9FFA00844377 /* Main.storyboard */ = {
			isa = PBXVariantGroup;
			children = (
				F9CC039B269C9FFA00844377 /* Base */,
			);
			name = Main.storyboard;
			sourceTree = "<group>";
		};
		F9CC039F269C9FFB00844377 /* LaunchScreen.storyboard */ = {
			isa = PBXVariantGroup;
			children = (
				F9CC03A0269C9FFB00844377 /* Base */,
			);
			name = LaunchScreen.storyboard;
			sourceTree = "<group>";
		};
/* End PBXVariantGroup section */

/* Begin XCBuildConfiguration section */
		F9CC03BB269C9FFC00844377 /* Debug */ = {
			isa = XCBuildConfiguration;
			buildSettings = {
				ALWAYS_SEARCH_USER_PATHS = NO;
				CLANG_ANALYZER_NONNULL = YES;
				CLANG_ANALYZER_NUMBER_OBJECT_CONVERSION = YES_AGGRESSIVE;
				CLANG_CXX_LANGUAGE_STANDARD = "gnu++14";
				CLANG_CXX_LIBRARY = "libc++";
				CLANG_ENABLE_MODULES = YES;
				CLANG_ENABLE_OBJC_ARC = YES;
				CLANG_ENABLE_OBJC_WEAK = YES;
				CLANG_WARN_BLOCK_CAPTURE_AUTORELEASING = YES;
				CLANG_WARN_BOOL_CONVERSION = YES;
				CLANG_WARN_COMMA = YES;
				CLANG_WARN_CONSTANT_CONVERSION = YES;
				CLANG_WARN_DEPRECATED_OBJC_IMPLEMENTATIONS = YES;
				CLANG_WARN_DIRECT_OBJC_ISA_USAGE = YES_ERROR;
				CLANG_WARN_DOCUMENTATION_COMMENTS = YES;
				CLANG_WARN_EMPTY_BODY = YES;
				CLANG_WARN_ENUM_CONVERSION = YES;
				CLANG_WARN_INFINITE_RECURSION = YES;
				CLANG_WARN_INT_CONVERSION = YES;
				CLANG_WARN_NON_LITERAL_NULL_CONVERSION = YES;
				CLANG_WARN_OBJC_IMPLICIT_RETAIN_SELF = YES;
				CLANG_WARN_OBJC_LITERAL_CONVERSION = YES;
				CLANG_WARN_OBJC_ROOT_CLASS = YES_ERROR;
				CLANG_WARN_QUOTED_INCLUDE_IN_FRAMEWORK_HEADER = YES;
				CLANG_WARN_RANGE_LOOP_ANALYSIS = YES;
				CLANG_WARN_STRICT_PROTOTYPES = YES;
				CLANG_WARN_SUSPICIOUS_MOVE = YES;
				CLANG_WARN_UNGUARDED_AVAILABILITY = YES_AGGRESSIVE;
				CLANG_WARN_UNREACHABLE_CODE = YES;
				CLANG_WARN__DUPLICATE_METHOD_MATCH = YES;
				COPY_PHASE_STRIP = NO;
				DEBUG_INFORMATION_FORMAT = dwarf;
				ENABLE_STRICT_OBJC_MSGSEND = YES;
				ENABLE_TESTABILITY = YES;
				GCC_C_LANGUAGE_STANDARD = gnu11;
				GCC_DYNAMIC_NO_PIC = NO;
				GCC_NO_COMMON_BLOCKS = YES;
				GCC_OPTIMIZATION_LEVEL = 0;
				GCC_PREPROCESSOR_DEFINITIONS = (
					"DEBUG=1",
					"$(inherited)",
				);
				GCC_WARN_64_TO_32_BIT_CONVERSION = YES;
				GCC_WARN_ABOUT_RETURN_TYPE = YES_ERROR;
				GCC_WARN_UNDECLARED_SELECTOR = YES;
				GCC_WARN_UNINITIALIZED_AUTOS = YES_AGGRESSIVE;
				GCC_WARN_UNUSED_FUNCTION = YES;
				GCC_WARN_UNUSED_VARIABLE = YES;
				IPHONEOS_DEPLOYMENT_TARGET = 14.5;
				MTL_ENABLE_DEBUG_INFO = INCLUDE_SOURCE;
				MTL_FAST_MATH = YES;
				ONLY_ACTIVE_ARCH = YES;
				SDKROOT = iphoneos;
			};
			name = Debug;
		};
		F9CC03BC269C9FFC00844377 /* Release */ = {
			isa = XCBuildConfiguration;
			buildSettings = {
				ALWAYS_SEARCH_USER_PATHS = NO;
				CLANG_ANALYZER_NONNULL = YES;
				CLANG_ANALYZER_NUMBER_OBJECT_CONVERSION = YES_AGGRESSIVE;
				CLANG_CXX_LANGUAGE_STANDARD = "gnu++14";
				CLANG_CXX_LIBRARY = "libc++";
				CLANG_ENABLE_MODULES = YES;
				CLANG_ENABLE_OBJC_ARC = YES;
				CLANG_ENABLE_OBJC_WEAK = YES;
				CLANG_WARN_BLOCK_CAPTURE_AUTORELEASING = YES;
				CLANG_WARN_BOOL_CONVERSION = YES;
				CLANG_WARN_COMMA = YES;
				CLANG_WARN_CONSTANT_CONVERSION = YES;
				CLANG_WARN_DEPRECATED_OBJC_IMPLEMENTATIONS = YES;
				CLANG_WARN_DIRECT_OBJC_ISA_USAGE = YES_ERROR;
				CLANG_WARN_DOCUMENTATION_COMMENTS = YES;
				CLANG_WARN_EMPTY_BODY = YES;
				CLANG_WARN_ENUM_CONVERSION = YES;
				CLANG_WARN_INFINITE_RECURSION = YES;
				CLANG_WARN_INT_CONVERSION = YES;
				CLANG_WARN_NON_LITERAL_NULL_CONVERSION = YES;
				CLANG_WARN_OBJC_IMPLICIT_RETAIN_SELF = YES;
				CLANG_WARN_OBJC_LITERAL_CONVERSION = YES;
				CLANG_WARN_OBJC_ROOT_CLASS = YES_ERROR;
				CLANG_WARN_QUOTED_INCLUDE_IN_FRAMEWORK_HEADER = YES;
				CLANG_WARN_RANGE_LOOP_ANALYSIS = YES;
				CLANG_WARN_STRICT_PROTOTYPES = YES;
				CLANG_WARN_SUSPICIOUS_MOVE = YES;
				CLANG_WARN_UNGUARDED_AVAILABILITY = YES_AGGRESSIVE;
				CLANG_WARN_UNREACHABLE_CODE = YES;
				CLANG_WARN__DUPLICATE_METHOD_MATCH = YES;
				COPY_PHASE_STRIP = NO;
				DEBUG_INFORMATION_FORMAT = "dwarf-with-dsym";
				ENABLE_NS_ASSERTIONS = NO;
				ENABLE_STRICT_OBJC_MSGSEND = YES;
				GCC_C_LANGUAGE_STANDARD = gnu11;
				GCC_NO_COMMON_BLOCKS = YES;
				GCC_WARN_64_TO_32_BIT_CONVERSION = YES;
				GCC_WARN_ABOUT_RETURN_TYPE = YES_ERROR;
				GCC_WARN_UNDECLARED_SELECTOR = YES;
				GCC_WARN_UNINITIALIZED_AUTOS = YES_AGGRESSIVE;
				GCC_WARN_UNUSED_FUNCTION = YES;
				GCC_WARN_UNUSED_VARIABLE = YES;
				IPHONEOS_DEPLOYMENT_TARGET = 14.5;
				MTL_ENABLE_DEBUG_INFO = NO;
				MTL_FAST_MATH = YES;
				SDKROOT = iphoneos;
				VALIDATE_PRODUCT = YES;
			};
			name = Release;
		};
		F9CC03BE269C9FFC00844377 /* Debug */ = {
			isa = XCBuildConfiguration;
			baseConfigurationReference = 34030C28578096CF9BA4492D /* Pods-Pricr.debug.xcconfig */;
			buildSettings = {
				ASSETCATALOG_COMPILER_APPICON_NAME = AppIcon;
				ASSETCATALOG_COMPILER_GLOBAL_ACCENT_COLOR_NAME = AccentColor;
				CODE_SIGN_STYLE = Automatic;
				DEVELOPMENT_TEAM = HSWX36ZH68;
				INFOPLIST_FILE = Pricr/Info.plist;
				LD_RUNPATH_SEARCH_PATHS = (
					"$(inherited)",
					"@executable_path/Frameworks",
				);
				PRODUCT_BUNDLE_IDENTIFIER = com.santymendoza12.Pricr;
				PRODUCT_NAME = "$(TARGET_NAME)";
				TARGETED_DEVICE_FAMILY = "1,2";
			};
			name = Debug;
		};
		F9CC03BF269C9FFC00844377 /* Release */ = {
			isa = XCBuildConfiguration;
			baseConfigurationReference = 2005D82BFFB1183FF2D7B3F8 /* Pods-Pricr.release.xcconfig */;
			buildSettings = {
				ASSETCATALOG_COMPILER_APPICON_NAME = AppIcon;
				ASSETCATALOG_COMPILER_GLOBAL_ACCENT_COLOR_NAME = AccentColor;
				CODE_SIGN_STYLE = Automatic;
				DEVELOPMENT_TEAM = HSWX36ZH68;
				INFOPLIST_FILE = Pricr/Info.plist;
				LD_RUNPATH_SEARCH_PATHS = (
					"$(inherited)",
					"@executable_path/Frameworks",
				);
				PRODUCT_BUNDLE_IDENTIFIER = com.santymendoza12.Pricr;
				PRODUCT_NAME = "$(TARGET_NAME)";
				TARGETED_DEVICE_FAMILY = "1,2";
			};
			name = Release;
		};
		F9CC03C1269C9FFC00844377 /* Debug */ = {
			isa = XCBuildConfiguration;
			baseConfigurationReference = 2BF88910495047782CEB52CC /* Pods-PricrTests.debug.xcconfig */;
			buildSettings = {
				BUNDLE_LOADER = "$(TEST_HOST)";
				CODE_SIGN_STYLE = Automatic;
				DEVELOPMENT_TEAM = HSWX36ZH68;
				INFOPLIST_FILE = PricrTests/Info.plist;
				IPHONEOS_DEPLOYMENT_TARGET = 14.5;
				LD_RUNPATH_SEARCH_PATHS = (
					"$(inherited)",
					"@executable_path/Frameworks",
					"@loader_path/Frameworks",
				);
				PRODUCT_BUNDLE_IDENTIFIER = com.santymendoza12.PricrTests;
				PRODUCT_NAME = "$(TARGET_NAME)";
				TARGETED_DEVICE_FAMILY = "1,2";
				TEST_HOST = "$(BUILT_PRODUCTS_DIR)/Pricr.app/Pricr";
			};
			name = Debug;
		};
		F9CC03C2269C9FFC00844377 /* Release */ = {
			isa = XCBuildConfiguration;
			baseConfigurationReference = 101B9BF76819BC687F763B84 /* Pods-PricrTests.release.xcconfig */;
			buildSettings = {
				BUNDLE_LOADER = "$(TEST_HOST)";
				CODE_SIGN_STYLE = Automatic;
				DEVELOPMENT_TEAM = HSWX36ZH68;
				INFOPLIST_FILE = PricrTests/Info.plist;
				IPHONEOS_DEPLOYMENT_TARGET = 14.5;
				LD_RUNPATH_SEARCH_PATHS = (
					"$(inherited)",
					"@executable_path/Frameworks",
					"@loader_path/Frameworks",
				);
				PRODUCT_BUNDLE_IDENTIFIER = com.santymendoza12.PricrTests;
				PRODUCT_NAME = "$(TARGET_NAME)";
				TARGETED_DEVICE_FAMILY = "1,2";
				TEST_HOST = "$(BUILT_PRODUCTS_DIR)/Pricr.app/Pricr";
			};
			name = Release;
		};
		F9CC03C4269C9FFC00844377 /* Debug */ = {
			isa = XCBuildConfiguration;
			baseConfigurationReference = 7E1DDE1EBAB97AAA57FCB132 /* Pods-Pricr-PricrUITests.debug.xcconfig */;
			buildSettings = {
				CODE_SIGN_STYLE = Automatic;
				DEVELOPMENT_TEAM = HSWX36ZH68;
				INFOPLIST_FILE = PricrUITests/Info.plist;
				LD_RUNPATH_SEARCH_PATHS = (
					"$(inherited)",
					"@executable_path/Frameworks",
					"@loader_path/Frameworks",
				);
				PRODUCT_BUNDLE_IDENTIFIER = com.santymendoza12.PricrUITests;
				PRODUCT_NAME = "$(TARGET_NAME)";
				TARGETED_DEVICE_FAMILY = "1,2";
				TEST_TARGET_NAME = Pricr;
			};
			name = Debug;
		};
		F9CC03C5269C9FFC00844377 /* Release */ = {
			isa = XCBuildConfiguration;
			baseConfigurationReference = F0752DEAF778032BB6043BE8 /* Pods-Pricr-PricrUITests.release.xcconfig */;
			buildSettings = {
				CODE_SIGN_STYLE = Automatic;
				DEVELOPMENT_TEAM = HSWX36ZH68;
				INFOPLIST_FILE = PricrUITests/Info.plist;
				LD_RUNPATH_SEARCH_PATHS = (
					"$(inherited)",
					"@executable_path/Frameworks",
					"@loader_path/Frameworks",
				);
				PRODUCT_BUNDLE_IDENTIFIER = com.santymendoza12.PricrUITests;
				PRODUCT_NAME = "$(TARGET_NAME)";
				TARGETED_DEVICE_FAMILY = "1,2";
				TEST_TARGET_NAME = Pricr;
			};
			name = Release;
		};
/* End XCBuildConfiguration section */

/* Begin XCConfigurationList section */
		F9CC0389269C9FFA00844377 /* Build configuration list for PBXProject "Pricr" */ = {
			isa = XCConfigurationList;
			buildConfigurations = (
				F9CC03BB269C9FFC00844377 /* Debug */,
				F9CC03BC269C9FFC00844377 /* Release */,
			);
			defaultConfigurationIsVisible = 0;
			defaultConfigurationName = Release;
		};
		F9CC03BD269C9FFC00844377 /* Build configuration list for PBXNativeTarget "Pricr" */ = {
			isa = XCConfigurationList;
			buildConfigurations = (
				F9CC03BE269C9FFC00844377 /* Debug */,
				F9CC03BF269C9FFC00844377 /* Release */,
			);
			defaultConfigurationIsVisible = 0;
			defaultConfigurationName = Release;
		};
		F9CC03C0269C9FFC00844377 /* Build configuration list for PBXNativeTarget "PricrTests" */ = {
			isa = XCConfigurationList;
			buildConfigurations = (
				F9CC03C1269C9FFC00844377 /* Debug */,
				F9CC03C2269C9FFC00844377 /* Release */,
			);
			defaultConfigurationIsVisible = 0;
			defaultConfigurationName = Release;
		};
		F9CC03C3269C9FFC00844377 /* Build configuration list for PBXNativeTarget "PricrUITests" */ = {
			isa = XCConfigurationList;
			buildConfigurations = (
				F9CC03C4269C9FFC00844377 /* Debug */,
				F9CC03C5269C9FFC00844377 /* Release */,
			);
			defaultConfigurationIsVisible = 0;
			defaultConfigurationName = Release;
		};
/* End XCConfigurationList section */
	};
	rootObject = F9CC0386269C9FFA00844377 /* Project object */;
}
